
Microsoft Visual Studio Solution File, Format Version 11.00
# Visual Studio 2010
Project("{FAE04EC0-301F-11D3-BF4B-00C04F79EFBC}") = "Xemio.GameLibrary", "Xemio.GameLibrary\Xemio.GameLibrary.csproj", "{474CA844-EA03-48DC-A790-5F18510799AC}"
EndProject
Project("{2150E333-8FDC-42A3-9474-1A3956D46DE8}") = "Rendering", "Rendering", "{B6438755-1B31-4AC3-8F7F-4F328D79227E}"
EndProject
Project("{FAE04EC0-301F-11D3-BF4B-00C04F79EFBC}") = "Xemio.GameLibrary.Rendering.GDIPlus", "Xemio.GameLibrary.Rendering.GDIPlus\Xemio.GameLibrary.Rendering.GDIPlus.csproj", "{B2587704-FF2B-4028-A43B-336A3BB8FA43}"
EndProject
Project("{2150E333-8FDC-42A3-9474-1A3956D46DE8}") = "GameLibrary", "GameLibrary", "{0534896C-1686-4CE7-A78B-0E58A515D000}"
EndProject
Project("{FAE04EC0-301F-11D3-BF4B-00C04F79EFBC}") = "Xemio.GameLibrary.Rendering.Xna", "Xemio.GameLibrary.Rendering.Xna\Xemio.GameLibrary.Rendering.Xna.csproj", "{9F3AD84B-7A22-46C7-A631-79ECF26AE1FD}"
EndProject
Project("{2150E333-8FDC-42A3-9474-1A3956D46DE8}") = "Testing", "Testing", "{14F9A976-6AE6-45BE-9C5E-C94087FA06D1}"
EndProject
Project("{FAE04EC0-301F-11D3-BF4B-00C04F79EFBC}") = "Xemio.Testing.Sound", "Xemio.Testing.Sound\Xemio.Testing.Sound.csproj", "{1ECA2DFB-D720-4F1D-B156-0CE3DF55E746}"
EndProject
Project("{2150E333-8FDC-42A3-9474-1A3956D46DE8}") = "Sound", "Sound", "{71A94458-C203-48EA-8B5E-1034A897BF68}"
EndProject
Project("{FAE04EC0-301F-11D3-BF4B-00C04F79EFBC}") = "Xemio.GameLibrary.Sound.WPF", "Xemio.GameLibrary.Sound.WPF\Xemio.GameLibrary.Sound.WPF.csproj", "{72E7EA25-BFC7-4218-8FF0-F8C9173AAF04}"
EndProject
Project("{FAE04EC0-301F-11D3-BF4B-00C04F79EFBC}") = "Xemio.Testing.Network", "Xemio.Testing.Network\Xemio.Testing.Network.csproj", "{F1DA53F3-76C8-4178-B772-B1F048F7F9E2}"
EndProject
Project("{FAE04EC0-301F-11D3-BF4B-00C04F79EFBC}") = "Xemio.GameLibrary.Rendering.SharpDX", "Xemio.GameLibrary.Rendering.SharpDX\Xemio.GameLibrary.Rendering.SharpDX.csproj", "{E1B7CCD2-91B9-416E-94A1-F27B6B910371}"
EndProject
Project("{FAE04EC0-301F-11D3-BF4B-00C04F79EFBC}") = "Xemio.GameLibrary.Rendering.Mono", "Xemio.GameLibrary.Rendering.Mono\Xemio.GameLibrary.Rendering.Mono.csproj", "{A3D565C5-163C-4B79-B36A-F96D8CE7D681}"
EndProject
Project("{FAE04EC0-301F-11D3-BF4B-00C04F79EFBC}") = "Xemio.Testing.EventSystem", "Xemio.Testing.EventSystem\Xemio.Testing.EventSystem.csproj", "{B1EB1380-0429-4378-9669-3781CF996560}"
EndProject
Project("{FAE04EC0-301F-11D3-BF4B-00C04F79EFBC}") = "Xemio.Testing.DataBindings", "Xemio.Testing.DataBindings\Xemio.Testing.DataBindings.csproj", "{7A63BC9E-0E86-4681-B469-6272F7868B2C}"
EndProject
Project("{FAE04EC0-301F-11D3-BF4B-00C04F79EFBC}") = "Xemio.Testing.CSS", "Xemio.Testing.CSS\Xemio.Testing.CSS.csproj", "{1B1E7BF1-F766-4076-8510-D91C20C88155}"
EndProject
Project("{2150E333-8FDC-42A3-9474-1A3956D46DE8}") = "Libraries", "Libraries", "{2A171C25-F948-4A32-A52A-8079D5158648}"
EndProject
Project("{FAE04EC0-301F-11D3-BF4B-00C04F79EFBC}") = "Xemio.Testing.Script", "Xemio.Testing.Script\Xemio.Testing.Script.csproj", "{654D61AC-4895-480A-81E4-774FA33C95C9}"
EndProject
Global
	GlobalSection(SolutionConfigurationPlatforms) = preSolution
		Debug|Any CPU = Debug|Any CPU
		Debug|Mixed Platforms = Debug|Mixed Platforms
		Debug|x86 = Debug|x86
		Release|Any CPU = Release|Any CPU
		Release|Mixed Platforms = Release|Mixed Platforms
		Release|x86 = Release|x86
	EndGlobalSection
	GlobalSection(ProjectConfigurationPlatforms) = postSolution
		{474CA844-EA03-48DC-A790-5F18510799AC}.Debug|Any CPU.ActiveCfg = Debug|Any CPU
		{474CA844-EA03-48DC-A790-5F18510799AC}.Debug|Any CPU.Build.0 = Debug|Any CPU
		{474CA844-EA03-48DC-A790-5F18510799AC}.Debug|Mixed Platforms.ActiveCfg = Debug|Any CPU
		{474CA844-EA03-48DC-A790-5F18510799AC}.Debug|Mixed Platforms.Build.0 = Debug|Any CPU
		{474CA844-EA03-48DC-A790-5F18510799AC}.Debug|x86.ActiveCfg = Debug|Any CPU
		{474CA844-EA03-48DC-A790-5F18510799AC}.Release|Any CPU.ActiveCfg = Release|Any CPU
		{474CA844-EA03-48DC-A790-5F18510799AC}.Release|Any CPU.Build.0 = Release|Any CPU
		{474CA844-EA03-48DC-A790-5F18510799AC}.Release|Mixed Platforms.ActiveCfg = Release|Any CPU
		{474CA844-EA03-48DC-A790-5F18510799AC}.Release|Mixed Platforms.Build.0 = Release|Any CPU
		{474CA844-EA03-48DC-A790-5F18510799AC}.Release|x86.ActiveCfg = Release|Any CPU
		{B2587704-FF2B-4028-A43B-336A3BB8FA43}.Debug|Any CPU.ActiveCfg = Debug|Any CPU
		{B2587704-FF2B-4028-A43B-336A3BB8FA43}.Debug|Any CPU.Build.0 = Debug|Any CPU
		{B2587704-FF2B-4028-A43B-336A3BB8FA43}.Debug|Mixed Platforms.ActiveCfg = Debug|Any CPU
		{B2587704-FF2B-4028-A43B-336A3BB8FA43}.Debug|Mixed Platforms.Build.0 = Debug|Any CPU
		{B2587704-FF2B-4028-A43B-336A3BB8FA43}.Debug|x86.ActiveCfg = Debug|Any CPU
		{B2587704-FF2B-4028-A43B-336A3BB8FA43}.Release|Any CPU.ActiveCfg = Release|Any CPU
		{B2587704-FF2B-4028-A43B-336A3BB8FA43}.Release|Any CPU.Build.0 = Release|Any CPU
		{B2587704-FF2B-4028-A43B-336A3BB8FA43}.Release|Mixed Platforms.ActiveCfg = Release|Any CPU
		{B2587704-FF2B-4028-A43B-336A3BB8FA43}.Release|Mixed Platforms.Build.0 = Release|Any CPU
		{B2587704-FF2B-4028-A43B-336A3BB8FA43}.Release|x86.ActiveCfg = Release|Any CPU
		{9F3AD84B-7A22-46C7-A631-79ECF26AE1FD}.Debug|Any CPU.ActiveCfg = Debug|Any CPU
		{9F3AD84B-7A22-46C7-A631-79ECF26AE1FD}.Debug|Any CPU.Build.0 = Debug|Any CPU
		{9F3AD84B-7A22-46C7-A631-79ECF26AE1FD}.Debug|Mixed Platforms.ActiveCfg = Debug|Any CPU
		{9F3AD84B-7A22-46C7-A631-79ECF26AE1FD}.Debug|Mixed Platforms.Build.0 = Debug|Any CPU
		{9F3AD84B-7A22-46C7-A631-79ECF26AE1FD}.Debug|x86.ActiveCfg = Debug|Any CPU
		{9F3AD84B-7A22-46C7-A631-79ECF26AE1FD}.Release|Any CPU.ActiveCfg = Release|Any CPU
		{9F3AD84B-7A22-46C7-A631-79ECF26AE1FD}.Release|Any CPU.Build.0 = Release|Any CPU
		{9F3AD84B-7A22-46C7-A631-79ECF26AE1FD}.Release|Mixed Platforms.ActiveCfg = Release|Any CPU
		{9F3AD84B-7A22-46C7-A631-79ECF26AE1FD}.Release|Mixed Platforms.Build.0 = Release|Any CPU
		{9F3AD84B-7A22-46C7-A631-79ECF26AE1FD}.Release|x86.ActiveCfg = Release|Any CPU
		{1ECA2DFB-D720-4F1D-B156-0CE3DF55E746}.Debug|Any CPU.ActiveCfg = Debug|x86
		{1ECA2DFB-D720-4F1D-B156-0CE3DF55E746}.Debug|Mixed Platforms.ActiveCfg = Debug|x86
		{1ECA2DFB-D720-4F1D-B156-0CE3DF55E746}.Debug|Mixed Platforms.Build.0 = Debug|x86
		{1ECA2DFB-D720-4F1D-B156-0CE3DF55E746}.Debug|x86.ActiveCfg = Debug|x86
		{1ECA2DFB-D720-4F1D-B156-0CE3DF55E746}.Debug|x86.Build.0 = Debug|x86
		{1ECA2DFB-D720-4F1D-B156-0CE3DF55E746}.Release|Any CPU.ActiveCfg = Release|x86
		{1ECA2DFB-D720-4F1D-B156-0CE3DF55E746}.Release|Mixed Platforms.ActiveCfg = Release|x86
		{1ECA2DFB-D720-4F1D-B156-0CE3DF55E746}.Release|Mixed Platforms.Build.0 = Release|x86
		{1ECA2DFB-D720-4F1D-B156-0CE3DF55E746}.Release|x86.ActiveCfg = Release|x86
		{1ECA2DFB-D720-4F1D-B156-0CE3DF55E746}.Release|x86.Build.0 = Release|x86
		{72E7EA25-BFC7-4218-8FF0-F8C9173AAF04}.Debug|Any CPU.ActiveCfg = Debug|Any CPU
		{72E7EA25-BFC7-4218-8FF0-F8C9173AAF04}.Debug|Any CPU.Build.0 = Debug|Any CPU
		{72E7EA25-BFC7-4218-8FF0-F8C9173AAF04}.Debug|Mixed Platforms.ActiveCfg = Debug|Any CPU
		{72E7EA25-BFC7-4218-8FF0-F8C9173AAF04}.Debug|Mixed Platforms.Build.0 = Debug|Any CPU
		{72E7EA25-BFC7-4218-8FF0-F8C9173AAF04}.Debug|x86.ActiveCfg = Debug|Any CPU
		{72E7EA25-BFC7-4218-8FF0-F8C9173AAF04}.Release|Any CPU.ActiveCfg = Release|Any CPU
		{72E7EA25-BFC7-4218-8FF0-F8C9173AAF04}.Release|Any CPU.Build.0 = Release|Any CPU
		{72E7EA25-BFC7-4218-8FF0-F8C9173AAF04}.Release|Mixed Platforms.ActiveCfg = Release|Any CPU
		{72E7EA25-BFC7-4218-8FF0-F8C9173AAF04}.Release|Mixed Platforms.Build.0 = Release|Any CPU
		{72E7EA25-BFC7-4218-8FF0-F8C9173AAF04}.Release|x86.ActiveCfg = Release|Any CPU
		{F1DA53F3-76C8-4178-B772-B1F048F7F9E2}.Debug|Any CPU.ActiveCfg = Debug|x86
		{F1DA53F3-76C8-4178-B772-B1F048F7F9E2}.Debug|Mixed Platforms.ActiveCfg = Debug|x86
		{F1DA53F3-76C8-4178-B772-B1F048F7F9E2}.Debug|Mixed Platforms.Build.0 = Debug|x86
		{F1DA53F3-76C8-4178-B772-B1F048F7F9E2}.Debug|x86.ActiveCfg = Debug|x86
		{F1DA53F3-76C8-4178-B772-B1F048F7F9E2}.Debug|x86.Build.0 = Debug|x86
		{F1DA53F3-76C8-4178-B772-B1F048F7F9E2}.Release|Any CPU.ActiveCfg = Release|x86
		{F1DA53F3-76C8-4178-B772-B1F048F7F9E2}.Release|Mixed Platforms.ActiveCfg = Release|x86
		{F1DA53F3-76C8-4178-B772-B1F048F7F9E2}.Release|Mixed Platforms.Build.0 = Release|x86
		{F1DA53F3-76C8-4178-B772-B1F048F7F9E2}.Release|x86.ActiveCfg = Release|x86
		{F1DA53F3-76C8-4178-B772-B1F048F7F9E2}.Release|x86.Build.0 = Release|x86
		{E1B7CCD2-91B9-416E-94A1-F27B6B910371}.Debug|Any CPU.ActiveCfg = Debug|Any CPU
		{E1B7CCD2-91B9-416E-94A1-F27B6B910371}.Debug|Any CPU.Build.0 = Debug|Any CPU
		{E1B7CCD2-91B9-416E-94A1-F27B6B910371}.Debug|Mixed Platforms.ActiveCfg = Debug|Any CPU
		{E1B7CCD2-91B9-416E-94A1-F27B6B910371}.Debug|Mixed Platforms.Build.0 = Debug|Any CPU
		{E1B7CCD2-91B9-416E-94A1-F27B6B910371}.Debug|x86.ActiveCfg = Debug|Any CPU
		{E1B7CCD2-91B9-416E-94A1-F27B6B910371}.Release|Any CPU.ActiveCfg = Release|Any CPU
		{E1B7CCD2-91B9-416E-94A1-F27B6B910371}.Release|Any CPU.Build.0 = Release|Any CPU
		{E1B7CCD2-91B9-416E-94A1-F27B6B910371}.Release|Mixed Platforms.ActiveCfg = Release|Any CPU
		{E1B7CCD2-91B9-416E-94A1-F27B6B910371}.Release|Mixed Platforms.Build.0 = Release|Any CPU
		{E1B7CCD2-91B9-416E-94A1-F27B6B910371}.Release|x86.ActiveCfg = Release|Any CPU
		{A3D565C5-163C-4B79-B36A-F96D8CE7D681}.Debug|Any CPU.ActiveCfg = Debug|Any CPU
		{A3D565C5-163C-4B79-B36A-F96D8CE7D681}.Debug|Any CPU.Build.0 = Debug|Any CPU
		{A3D565C5-163C-4B79-B36A-F96D8CE7D681}.Debug|Mixed Platforms.ActiveCfg = Debug|Any CPU
		{A3D565C5-163C-4B79-B36A-F96D8CE7D681}.Debug|Mixed Platforms.Build.0 = Debug|Any CPU
		{A3D565C5-163C-4B79-B36A-F96D8CE7D681}.Debug|x86.ActiveCfg = Debug|Any CPU
		{A3D565C5-163C-4B79-B36A-F96D8CE7D681}.Release|Any CPU.ActiveCfg = Release|Any CPU
		{A3D565C5-163C-4B79-B36A-F96D8CE7D681}.Release|Any CPU.Build.0 = Release|Any CPU
		{A3D565C5-163C-4B79-B36A-F96D8CE7D681}.Release|Mixed Platforms.ActiveCfg = Release|Any CPU
		{A3D565C5-163C-4B79-B36A-F96D8CE7D681}.Release|Mixed Platforms.Build.0 = Release|Any CPU
		{A3D565C5-163C-4B79-B36A-F96D8CE7D681}.Release|x86.ActiveCfg = Release|Any CPU
		{B1EB1380-0429-4378-9669-3781CF996560}.Debug|Any CPU.ActiveCfg = Debug|x86
		{B1EB1380-0429-4378-9669-3781CF996560}.Debug|Mixed Platforms.ActiveCfg = Debug|x86
		{B1EB1380-0429-4378-9669-3781CF996560}.Debug|Mixed Platforms.Build.0 = Debug|x86
		{B1EB1380-0429-4378-9669-3781CF996560}.Debug|x86.ActiveCfg = Debug|x86
		{B1EB1380-0429-4378-9669-3781CF996560}.Debug|x86.Build.0 = Debug|x86
		{B1EB1380-0429-4378-9669-3781CF996560}.Release|Any CPU.ActiveCfg = Release|x86
		{B1EB1380-0429-4378-9669-3781CF996560}.Release|Mixed Platforms.ActiveCfg = Release|x86
		{B1EB1380-0429-4378-9669-3781CF996560}.Release|Mixed Platforms.Build.0 = Release|x86
		{B1EB1380-0429-4378-9669-3781CF996560}.Release|x86.ActiveCfg = Release|x86
		{B1EB1380-0429-4378-9669-3781CF996560}.Release|x86.Build.0 = Release|x86
		{7A63BC9E-0E86-4681-B469-6272F7868B2C}.Debug|Any CPU.ActiveCfg = Debug|x86
		{7A63BC9E-0E86-4681-B469-6272F7868B2C}.Debug|Mixed Platforms.ActiveCfg = Debug|x86
		{7A63BC9E-0E86-4681-B469-6272F7868B2C}.Debug|Mixed Platforms.Build.0 = Debug|x86
		{7A63BC9E-0E86-4681-B469-6272F7868B2C}.Debug|x86.ActiveCfg = Debug|x86
		{7A63BC9E-0E86-4681-B469-6272F7868B2C}.Debug|x86.Build.0 = Debug|x86
		{7A63BC9E-0E86-4681-B469-6272F7868B2C}.Release|Any CPU.ActiveCfg = Release|x86
		{7A63BC9E-0E86-4681-B469-6272F7868B2C}.Release|Mixed Platforms.ActiveCfg = Release|x86
		{7A63BC9E-0E86-4681-B469-6272F7868B2C}.Release|Mixed Platforms.Build.0 = Release|x86
		{7A63BC9E-0E86-4681-B469-6272F7868B2C}.Release|x86.ActiveCfg = Release|x86
		{7A63BC9E-0E86-4681-B469-6272F7868B2C}.Release|x86.Build.0 = Release|x86
		{1B1E7BF1-F766-4076-8510-D91C20C88155}.Debug|Any CPU.ActiveCfg = Debug|x86
		{1B1E7BF1-F766-4076-8510-D91C20C88155}.Debug|Mixed Platforms.ActiveCfg = Debug|x86
		{1B1E7BF1-F766-4076-8510-D91C20C88155}.Debug|Mixed Platforms.Build.0 = Debug|x86
		{1B1E7BF1-F766-4076-8510-D91C20C88155}.Debug|x86.ActiveCfg = Debug|x86
		{1B1E7BF1-F766-4076-8510-D91C20C88155}.Debug|x86.Build.0 = Debug|x86
		{1B1E7BF1-F766-4076-8510-D91C20C88155}.Release|Any CPU.ActiveCfg = Release|x86
		{1B1E7BF1-F766-4076-8510-D91C20C88155}.Release|Mixed Platforms.ActiveCfg = Release|x86
		{1B1E7BF1-F766-4076-8510-D91C20C88155}.Release|Mixed Platforms.Build.0 = Release|x86
		{1B1E7BF1-F766-4076-8510-D91C20C88155}.Release|x86.ActiveCfg = Release|x86
		{1B1E7BF1-F766-4076-8510-D91C20C88155}.Release|x86.Build.0 = Release|x86
		{654D61AC-4895-480A-81E4-774FA33C95C9}.Debug|Any CPU.ActiveCfg = Debug|x86
		{654D61AC-4895-480A-81E4-774FA33C95C9}.Debug|Mixed Platforms.ActiveCfg = Debug|x86
		{654D61AC-4895-480A-81E4-774FA33C95C9}.Debug|Mixed Platforms.Build.0 = Debug|x86
		{654D61AC-4895-480A-81E4-774FA33C95C9}.Debug|x86.ActiveCfg = Debug|x86
		{654D61AC-4895-480A-81E4-774FA33C95C9}.Debug|x86.Build.0 = Debug|x86
		{654D61AC-4895-480A-81E4-774FA33C95C9}.Release|Any CPU.ActiveCfg = Release|x86
		{654D61AC-4895-480A-81E4-774FA33C95C9}.Release|Mixed Platforms.ActiveCfg = Release|x86
		{654D61AC-4895-480A-81E4-774FA33C95C9}.Release|Mixed Platforms.Build.0 = Release|x86
		{654D61AC-4895-480A-81E4-774FA33C95C9}.Release|x86.ActiveCfg = Release|x86
		{654D61AC-4895-480A-81E4-774FA33C95C9}.Release|x86.Build.0 = Release|x86
	EndGlobalSection
	GlobalSection(SolutionProperties) = preSolution
		HideSolutionNode = FALSE
	EndGlobalSection
	GlobalSection(NestedProjects) = preSolution
		{474CA844-EA03-48DC-A790-5F18510799AC} = {0534896C-1686-4CE7-A78B-0E58A515D000}
		{B2587704-FF2B-4028-A43B-336A3BB8FA43} = {B6438755-1B31-4AC3-8F7F-4F328D79227E}
		{9F3AD84B-7A22-46C7-A631-79ECF26AE1FD} = {B6438755-1B31-4AC3-8F7F-4F328D79227E}
		{E1B7CCD2-91B9-416E-94A1-F27B6B910371} = {B6438755-1B31-4AC3-8F7F-4F328D79227E}
		{A3D565C5-163C-4B79-B36A-F96D8CE7D681} = {B6438755-1B31-4AC3-8F7F-4F328D79227E}
		{1ECA2DFB-D720-4F1D-B156-0CE3DF55E746} = {14F9A976-6AE6-45BE-9C5E-C94087FA06D1}
		{F1DA53F3-76C8-4178-B772-B1F048F7F9E2} = {14F9A976-6AE6-45BE-9C5E-C94087FA06D1}
		{B1EB1380-0429-4378-9669-3781CF996560} = {14F9A976-6AE6-45BE-9C5E-C94087FA06D1}
		{7A63BC9E-0E86-4681-B469-6272F7868B2C} = {14F9A976-6AE6-45BE-9C5E-C94087FA06D1}
		{1B1E7BF1-F766-4076-8510-D91C20C88155} = {14F9A976-6AE6-45BE-9C5E-C94087FA06D1}
		{654D61AC-4895-480A-81E4-774FA33C95C9} = {14F9A976-6AE6-45BE-9C5E-C94087FA06D1}
		{72E7EA25-BFC7-4218-8FF0-F8C9173AAF04} = {71A94458-C203-48EA-8B5E-1034A897BF68}
	EndGlobalSection
EndGlobal
